
Microsoft Visual Studio Solution File, Format Version 12.00
# Visual Studio Version 17
VisualStudioVersion = 17.11.35118.90
MinimumVisualStudioVersion = 10.0.40219.1
Project("{FAE04EC0-301F-11D3-BF4B-00C04F79EFBC}") = "Phone_Store_App", "Phone_Store_App.csproj", "{B67C0197-CC26-4079-941D-B4086BEDEBB4}"
EndProject
Global
	GlobalSection(SolutionConfigurationPlatforms) = preSolution
		Debug|Any CPU = Debug|Any CPU
		Release|Any CPU = Release|Any CPU
	EndGlobalSection
	GlobalSection(ProjectConfigurationPlatforms) = postSolution
		{B67C0197-CC26-4079-941D-B4086BEDEBB4}.Debug|Any CPU.ActiveCfg = Debug|Any CPU
		{B67C0197-CC26-4079-941D-B4086BEDEBB4}.Debug|Any CPU.Build.0 = Debug|Any CPU
		{B67C0197-CC26-4079-941D-B4086BEDEBB4}.Release|Any CPU.ActiveCfg = Release|Any CPU
		{B67C0197-CC26-4079-941D-B4086BEDEBB4}.Release|Any CPU.Build.0 = Release|Any CPU
	EndGlobalSection
	GlobalSection(SolutionProperties) = preSolution
		HideSolutionNode = FALSE
	EndGlobalSection
	GlobalSection(ExtensibilityGlobals) = postSolution
		SolutionGuid = {8E79C793-0D6C-41AE-847D-F0B543563B87}
	EndGlobalSection
EndGlobal
