
Microsoft Visual Studio Solution File, Format Version 12.00
# Visual Studio Version 17
VisualStudioVersion = 17.11.35118.90
MinimumVisualStudioVersion = 10.0.40219.1
Project("{FAE04EC0-301F-11D3-BF4B-00C04F79EFBC}") = "Shop_Store_Access", "Shop_Store_Access.csproj", "{3B883A79-DCF5-47A5-B71D-CD79DDA8E116}"
EndProject
Global
	GlobalSection(SolutionConfigurationPlatforms) = preSolution
		Debug|Any CPU = Debug|Any CPU
		Release|Any CPU = Release|Any CPU
	EndGlobalSection
	GlobalSection(ProjectConfigurationPlatforms) = postSolution
		{3B883A79-DCF5-47A5-B71D-CD79DDA8E116}.Debug|Any CPU.ActiveCfg = Debug|Any CPU
		{3B883A79-DCF5-47A5-B71D-CD79DDA8E116}.Debug|Any CPU.Build.0 = Debug|Any CPU
		{3B883A79-DCF5-47A5-B71D-CD79DDA8E116}.Release|Any CPU.ActiveCfg = Release|Any CPU
		{3B883A79-DCF5-47A5-B71D-CD79DDA8E116}.Release|Any CPU.Build.0 = Release|Any CPU
	EndGlobalSection
	GlobalSection(SolutionProperties) = preSolution
		HideSolutionNode = FALSE
	EndGlobalSection
	GlobalSection(ExtensibilityGlobals) = postSolution
		SolutionGuid = {14EB1DDF-FBBE-4CFC-850C-BCC83A42C0C7}
	EndGlobalSection
EndGlobal
